{
    "_meta": {
        "hash": {
            "sha256": "13b8614435ef34307e7e872f9acf0623a50b3de53891ac332bd4cff61ff642f6"
        },
        "pipfile-spec": 6,
        "requires": {
            "python_version": "3.10"
        },
        "sources": [
            {
                "name": "pypi",
                "url": "https://pypi.org/simple",
                "verify_ssl": true
            }
        ]
    },
    "default": {
        "pygments": {
            "hashes": [
                "sha256:44238f1b60a76d78fc8ca0528ee429702aae011c265fe6a8dd8b63049ae41c65",
                "sha256:4e426f72023d88d03b2fa258de560726ce890ff3b630f88c21cbb8b2503b8c6a"
            ],
            "index": "pypi",
            "version": "==2.11.2"
        }
    },
    "develop": {}
}
